
Microsoft Visual Studio Solution File, Format Version 12.00
# Visual Studio Version 16
VisualStudioVersion = 16.0.31911.196
MinimumVisualStudioVersion = 10.0.40219.1
Project("{FAE04EC0-301F-11D3-BF4B-00C04F79EFBC}") = "Fibonaci", "Fibonaci\Fibonaci.csproj", "{23019329-6540-44CA-B461-3516C7335CD5}"
EndProject
Global
	GlobalSection(SolutionConfigurationPlatforms) = preSolution
		Debug|Any CPU = Debug|Any CPU
		Release|Any CPU = Release|Any CPU
	EndGlobalSection
	GlobalSection(ProjectConfigurationPlatforms) = postSolution
		{23019329-6540-44CA-B461-3516C7335CD5}.Debug|Any CPU.ActiveCfg = Debug|Any CPU
		{23019329-6540-44CA-B461-3516C7335CD5}.Debug|Any CPU.Build.0 = Debug|Any CPU
		{23019329-6540-44CA-B461-3516C7335CD5}.Release|Any CPU.ActiveCfg = Release|Any CPU
		{23019329-6540-44CA-B461-3516C7335CD5}.Release|Any CPU.Build.0 = Release|Any CPU
	EndGlobalSection
	GlobalSection(SolutionProperties) = preSolution
		HideSolutionNode = FALSE
	EndGlobalSection
	GlobalSection(ExtensibilityGlobals) = postSolution
		SolutionGuid = {6CF3B6A5-BF6C-4455-977C-F2A38345A06A}
	EndGlobalSection
EndGlobal
